
Microsoft Visual Studio Solution File, Format Version 12.00
# Visual Studio Version 17
VisualStudioVersion = 17.6.33829.357
MinimumVisualStudioVersion = 10.0.40219.1
Project("{FAE04EC0-301F-11D3-BF4B-00C04F79EFBC}") = "graphql_demo", "graphql_demo\graphql_demo.csproj", "{5D487789-DAA4-4FBB-9F43-F21FBD50E6A7}"
EndProject
Global
	GlobalSection(SolutionConfigurationPlatforms) = preSolution
		Debug|Any CPU = Debug|Any CPU
		Release|Any CPU = Release|Any CPU
	EndGlobalSection
	GlobalSection(ProjectConfigurationPlatforms) = postSolution
		{5D487789-DAA4-4FBB-9F43-F21FBD50E6A7}.Debug|Any CPU.ActiveCfg = Debug|Any CPU
		{5D487789-DAA4-4FBB-9F43-F21FBD50E6A7}.Debug|Any CPU.Build.0 = Debug|Any CPU
		{5D487789-DAA4-4FBB-9F43-F21FBD50E6A7}.Release|Any CPU.ActiveCfg = Release|Any CPU
		{5D487789-DAA4-4FBB-9F43-F21FBD50E6A7}.Release|Any CPU.Build.0 = Release|Any CPU
	EndGlobalSection
	GlobalSection(SolutionProperties) = preSolution
		HideSolutionNode = FALSE
	EndGlobalSection
	GlobalSection(ExtensibilityGlobals) = postSolution
		SolutionGuid = {3A28C4DC-F092-4480-B6C2-EB2DA90EF6BE}
	EndGlobalSection
EndGlobal
